{
  "nodes": {
    "disko": {
      "inputs": {
        "nixpkgs": [
          "nixpkgs"
        ]
      },
      "locked": {
        "lastModified": 1768920986,
        "narHash": "sha256-CNzzBsRhq7gg4BMBuTDObiWDH/rFYHEuDRVOwCcwXw4=",
        "owner": "nix-community",
        "repo": "disko",
        "rev": "de5708739256238fb912c62f03988815db89ec9a",
        "type": "github"
      },
      "original": {
        "owner": "nix-community",
        "ref": "latest",
        "repo": "disko",
        "type": "github"
      }
    },
    "impermanence": {
      "inputs": {
        "home-manager": [],
        "nixpkgs": []
      },
      "locked": {
        "lastModified": 1769548169,
        "narHash": "sha256-03+JxvzmfwRu+5JafM0DLbxgHttOQZkUtDWBmeUkN8Y=",
        "owner": "nix-community",
        "repo": "impermanence",
        "rev": "7b1d382faf603b6d264f58627330f9faa5cba149",
        "type": "github"
      },
      "original": {
        "owner": "nix-community",
        "repo": "impermanence",
        "type": "github"
      }
    },
    "nixos-update-checker": {
      "inputs": {
        "nixpkgs": [
          "nixpkgs"
        ]
      },
      "locked": {
        "lastModified": 1785265375,
        "narHash": "sha256-L/H1SMOuzASty5iXF0QP/8qhJnYNzuvDj5nipsAOMl4=",
        "owner": "Onred",
        "repo": "nixos-update-checker",
        "rev": "9d758ce8fcdc1761dcce92a49927c61b30900e86",
        "type": "github"
      },
      "original": {
        "owner": "Onred",
        "repo": "nixos-update-checker",
        "type": "github"
      }
    },
    "nixpkgs": {
      "locked": {
        "lastModified": 1785734586,
        "narHash": "sha256-rBYNiK4XmVxmJaK40DRnmoPUpCeRXJ4DJdQ/DW2LQRU=",
        "rev": "531670d871c0e29724a02f3cbcac170adc65b58c",
        "type": "tarball",
        "url": "https://releases.nixos.org/nixos/26.05/nixos-26.05.6815.531670d871c0/nixexprs.tar.xz"
      },
      "original": {
        "id": "nixpkgs",
        "ref": "nixos-26.05",
        "type": "indirect"
      }
    },
    "nixpkgs-unstable": {
      "locked": {
        "lastModified": 1785692966,
        "narHash": "sha256-1+YGJM7PLfvTsbUxDHKj0NcuEXYFHfZBDuajujCcVmY=",
        "rev": "643809054d65fdd466a63e3155b8c498cb483c04",
        "type": "tarball",
        "url": "https://releases.nixos.org/nixos/unstable/nixos-26.11pre1046609.643809054d65/nixexprs.tar.xz"
      },
      "original": {
        "id": "nixpkgs",
        "ref": "nixos-unstable",
        "type": "indirect"
      }
    },
    "root": {
      "inputs": {
        "disko": "disko",
        "impermanence": "impermanence",
        "nixos-update-checker": "nixos-update-checker",
        "nixpkgs": "nixpkgs",
        "nixpkgs-unstable": "nixpkgs-unstable"
      }
    }
  },
  "root": "root",
  "version": 7
}
